
Microsoft Visual Studio Solution File, Format Version 12.00
# Visual Studio Version 17
VisualStudioVersion = 17.6.33829.357
MinimumVisualStudioVersion = 10.0.40219.1
Project("{FAE04EC0-301F-11D3-BF4B-00C04F79EFBC}") = "JwtTokenPasswordSystem", "JwtTokenPasswordSystem\JwtTokenPasswordSystem.csproj", "{B7DA1A26-818D-4BD2-950B-557719228FE7}"
EndProject
Global
	GlobalSection(SolutionConfigurationPlatforms) = preSolution
		Debug|Any CPU = Debug|Any CPU
		Release|Any CPU = Release|Any CPU
	EndGlobalSection
	GlobalSection(ProjectConfigurationPlatforms) = postSolution
		{B7DA1A26-818D-4BD2-950B-557719228FE7}.Debug|Any CPU.ActiveCfg = Debug|Any CPU
		{B7DA1A26-818D-4BD2-950B-557719228FE7}.Debug|Any CPU.Build.0 = Debug|Any CPU
		{B7DA1A26-818D-4BD2-950B-557719228FE7}.Release|Any CPU.ActiveCfg = Release|Any CPU
		{B7DA1A26-818D-4BD2-950B-557719228FE7}.Release|Any CPU.Build.0 = Release|Any CPU
	EndGlobalSection
	GlobalSection(SolutionProperties) = preSolution
		HideSolutionNode = FALSE
	EndGlobalSection
	GlobalSection(ExtensibilityGlobals) = postSolution
		SolutionGuid = {C011FE16-FE5D-4EA0-A74C-F54EF4755948}
	EndGlobalSection
EndGlobal
